
Microsoft Visual Studio Solution File, Format Version 12.00
# Visual Studio Express 2012 for Windows Desktop
Project("{FAE04EC0-301F-11D3-BF4B-00C04F79EFBC}") = "MinUstPdf", "WindowsFormsApplication3\MinUstPdf.csproj", "{861632B2-7BAC-446B-8423-4AB94D0C192C}"
EndProject
Global
	GlobalSection(SolutionConfigurationPlatforms) = preSolution
		Debug|Any CPU = Debug|Any CPU
		Release|Any CPU = Release|Any CPU
	EndGlobalSection
	GlobalSection(ProjectConfigurationPlatforms) = postSolution
		{861632B2-7BAC-446B-8423-4AB94D0C192C}.Debug|Any CPU.ActiveCfg = Debug|Any CPU
		{861632B2-7BAC-446B-8423-4AB94D0C192C}.Debug|Any CPU.Build.0 = Debug|Any CPU
		{861632B2-7BAC-446B-8423-4AB94D0C192C}.Release|Any CPU.ActiveCfg = Release|Any CPU
		{861632B2-7BAC-446B-8423-4AB94D0C192C}.Release|Any CPU.Build.0 = Release|Any CPU
	EndGlobalSection
	GlobalSection(SolutionProperties) = preSolution
		HideSolutionNode = FALSE
	EndGlobalSection
EndGlobal
