
Microsoft Visual Studio Solution File, Format Version 12.00
# Visual Studio Express 2012 for Windows Desktop
Project("{FAE04EC0-301F-11D3-BF4B-00C04F79EFBC}") = "MinUstPars", "MinUstPars\MinUstPars.csproj", "{147A9293-7665-4568-BD7C-73DF97536FCB}"
EndProject
Global
	GlobalSection(SolutionConfigurationPlatforms) = preSolution
		Debug|Any CPU = Debug|Any CPU
		Release|Any CPU = Release|Any CPU
	EndGlobalSection
	GlobalSection(ProjectConfigurationPlatforms) = postSolution
		{147A9293-7665-4568-BD7C-73DF97536FCB}.Debug|Any CPU.ActiveCfg = Debug|Any CPU
		{147A9293-7665-4568-BD7C-73DF97536FCB}.Debug|Any CPU.Build.0 = Debug|Any CPU
		{147A9293-7665-4568-BD7C-73DF97536FCB}.Release|Any CPU.ActiveCfg = Release|Any CPU
		{147A9293-7665-4568-BD7C-73DF97536FCB}.Release|Any CPU.Build.0 = Release|Any CPU
	EndGlobalSection
	GlobalSection(SolutionProperties) = preSolution
		HideSolutionNode = FALSE
	EndGlobalSection
EndGlobal
